
Microsoft Visual Studio Solution File, Format Version 12.00
# Visual Studio Version 17
VisualStudioVersion = 17.14.36121.58 d17.14
MinimumVisualStudioVersion = 10.0.40219.1
Project("{FAE04EC0-301F-11D3-BF4B-00C04F79EFBC}") = "Restaurant", "Restaurant\Restaurant.csproj", "{FE6C4609-3AAA-4DC4-9910-A56FA59F1BEE}"
EndProject
Global
	GlobalSection(SolutionConfigurationPlatforms) = preSolution
		Debug|Any CPU = Debug|Any CPU
		Release|Any CPU = Release|Any CPU
	EndGlobalSection
	GlobalSection(ProjectConfigurationPlatforms) = postSolution
		{FE6C4609-3AAA-4DC4-9910-A56FA59F1BEE}.Debug|Any CPU.ActiveCfg = Debug|Any CPU
		{FE6C4609-3AAA-4DC4-9910-A56FA59F1BEE}.Debug|Any CPU.Build.0 = Debug|Any CPU
		{FE6C4609-3AAA-4DC4-9910-A56FA59F1BEE}.Release|Any CPU.ActiveCfg = Release|Any CPU
		{FE6C4609-3AAA-4DC4-9910-A56FA59F1BEE}.Release|Any CPU.Build.0 = Release|Any CPU
	EndGlobalSection
	GlobalSection(SolutionProperties) = preSolution
		HideSolutionNode = FALSE
	EndGlobalSection
	GlobalSection(ExtensibilityGlobals) = postSolution
		SolutionGuid = {8174B310-CE6E-4E51-ACB0-6B550D5D6AB8}
	EndGlobalSection
EndGlobal
